// !$*UTF8*$!
{
	archiveVersion = 1;
	classes = {
	};
	objectVersion = 46;
	objects = {

/* Begin PBXBuildFile section */
		5910EA281E50FAEC007E568C /* GuitarViewController.swift in Sources */ = {isa = PBXBuildFile; fileRef = 5910EA271E50FAEC007E568C /* GuitarViewController.swift */; };
		5910EA2A1E50FF38007E568C /* PianoViewController.swift in Sources */ = {isa = PBXBuildFile; fileRef = 5910EA291E50FF38007E568C /* PianoViewController.swift */; };
		5957827D1E50E08B002C9332 /* AppDelegate.swift in Sources */ = {isa = PBXBuildFile; fileRef = 5957827C1E50E08B002C9332 /* AppDelegate.swift */; };
		5957827F1E50E08B002C9332 /* ViewController.swift in Sources */ = {isa = PBXBuildFile; fileRef = 5957827E1E50E08B002C9332 /* ViewController.swift */; };
		595782821E50E08B002C9332 /* Main.storyboard in Resources */ = {isa = PBXBuildFile; fileRef = 595782801E50E08B002C9332 /* Main.storyboard */; };
		595782841E50E08B002C9332 /* Assets.xcassets in Resources */ = {isa = PBXBuildFile; fileRef = 595782831E50E08B002C9332 /* Assets.xcassets */; };
		595782871E50E08B002C9332 /* LaunchScreen.storyboard in Resources */ = {isa = PBXBuildFile; fileRef = 595782851E50E08B002C9332 /* LaunchScreen.storyboard */; };
/* End PBXBuildFile section */

/* Begin PBXFileReference section */
		5910EA271E50FAEC007E568C /* GuitarViewController.swift */ = {isa = PBXFileReference; fileEncoding = 4; lastKnownFileType = sourcecode.swift; path = GuitarViewController.swift; sourceTree = "<group>"; };
		5910EA291E50FF38007E568C /* PianoViewController.swift */ = {isa = PBXFileReference; fileEncoding = 4; lastKnownFileType = sourcecode.swift; path = PianoViewController.swift; sourceTree = "<group>"; };
		595782791E50E08B002C9332 /* Chords.app */ = {isa = PBXFileReference; explicitFileType = wrapper.application; includeInIndex = 0; path = Chords.app; sourceTree = BUILT_PRODUCTS_DIR; };
		5957827C1E50E08B002C9332 /* AppDelegate.swift */ = {isa = PBXFileReference; lastKnownFileType = sourcecode.swift; path = AppDelegate.swift; sourceTree = "<group>"; };
		5957827E1E50E08B002C9332 /* ViewController.swift */ = {isa = PBXFileReference; lastKnownFileType = sourcecode.swift; path = ViewController.swift; sourceTree = "<group>"; };
		595782811E50E08B002C9332 /* Base */ = {isa = PBXFileReference; lastKnownFileType = file.storyboard; name = Base; path = Base.lproj/Main.storyboard; sourceTree = "<group>"; };
		595782831E50E08B002C9332 /* Assets.xcassets */ = {isa = PBXFileReference; lastKnownFileType = folder.assetcatalog; path = Assets.xcassets; sourceTree = "<group>"; };
		595782861E50E08B002C9332 /* Base */ = {isa = PBXFileReference; lastKnownFileType = file.storyboard; name = Base; path = Base.lproj/LaunchScreen.storyboard; sourceTree = "<group>"; };
		595782881E50E08B002C9332 /* Info.plist */ = {isa = PBXFileReference; lastKnownFileType = text.plist.xml; path = Info.plist; sourceTree = "<group>"; };
/* End PBXFileReference section */

/* Begin PBXFrameworksBuildPhase section */
		595782761E50E08B002C9332 /* Frameworks */ = {
			isa = PBXFrameworksBuildPhase;
			buildActionMask = 2147483647;
			files = (
			);
			runOnlyForDeploymentPostprocessing = 0;
		};
/* End PBXFrameworksBuildPhase section */

/* Begin PBXGroup section */
		595782701E50E08B002C9332 = {
			isa = PBXGroup;
			children = (
				5957827B1E50E08B002C9332 /* Chords */,
				5957827A1E50E08B002C9332 /* Products */,
			);
			sourceTree = "<group>";
		};
		5957827A1E50E08B002C9332 /* Products */ = {
			isa = PBXGroup;
			children = (
				595782791E50E08B002C9332 /* Chords.app */,
			);
			name = Products;
			sourceTree = "<group>";
		};
		5957827B1E50E08B002C9332 /* Chords */ = {
			isa = PBXGroup;
			children = (
				5957827C1E50E08B002C9332 /* AppDelegate.swift */,
				5957827E1E50E08B002C9332 /* ViewController.swift */,
				595782801E50E08B002C9332 /* Main.storyboard */,
				595782831E50E08B002C9332 /* Assets.xcassets */,
				595782851E50E08B002C9332 /* LaunchScreen.storyboard */,
				595782881E50E08B002C9332 /* Info.plist */,
				5910EA271E50FAEC007E568C /* GuitarViewController.swift */,
				5910EA291E50FF38007E568C /* PianoViewController.swift */,
			);
			path = Chords;
			sourceTree = "<group>";
		};
/* End PBXGroup section */

/* Begin PBXNativeTarget section */
		595782781E50E08B002C9332 /* Chords */ = {
			isa = PBXNativeTarget;
			buildConfigurationList = 5957828B1E50E08B002C9332 /* Build configuration list for PBXNativeTarget "Chords" */;
			buildPhases = (
				595782751E50E08B002C9332 /* Sources */,
				595782761E50E08B002C9332 /* Frameworks */,
				595782771E50E08B002C9332 /* Resources */,
			);
			buildRules = (
			);
			dependencies = (
			);
			name = Chords;
			productName = Chords;
			productReference = 595782791E50E08B002C9332 /* Chords.app */;
			productType = "com.apple.product-type.application";
		};
/* End PBXNativeTarget section */

/* Begin PBXProject section */
		595782711E50E08B002C9332 /* Project object */ = {
			isa = PBXProject;
			attributes = {
				LastSwiftUpdateCheck = 0820;
				LastUpgradeCheck = 0820;
				ORGANIZATIONNAME = "David de Tena";
				TargetAttributes = {
					595782781E50E08B002C9332 = {
						CreatedOnToolsVersion = 8.2.1;
						DevelopmentTeam = QF5L9JVR92;
						ProvisioningStyle = Automatic;
					};
				};
			};
			buildConfigurationList = 595782741E50E08B002C9332 /* Build configuration list for PBXProject "Chords" */;
			compatibilityVersion = "Xcode 3.2";
			developmentRegion = English;
			hasScannedForEncodings = 0;
			knownRegions = (
				en,
				Base,
			);
			mainGroup = 595782701E50E08B002C9332;
			productRefGroup = 5957827A1E50E08B002C9332 /* Products */;
			projectDirPath = "";
			projectRoot = "";
			targets = (
				595782781E50E08B002C9332 /* Chords */,
			);
		};
/* End PBXProject section */

/* Begin PBXResourcesBuildPhase section */
		595782771E50E08B002C9332 /* Resources */ = {
			isa = PBXResourcesBuildPhase;
			buildActionMask = 2147483647;
			files = (
				595782871E50E08B002C9332 /* LaunchScreen.storyboard in Resources */,
				595782841E50E08B002C9332 /* Assets.xcassets in Resources */,
				595782821E50E08B002C9332 /* Main.storyboard in Resources */,
			);
			runOnlyForDeploymentPostprocessing = 0;
		};
/* End PBXResourcesBuildPhase section */

/* Begin PBXSourcesBuildPhase section */
		595782751E50E08B002C9332 /* Sources */ = {
			isa = PBXSourcesBuildPhase;
			buildActionMask = 2147483647;
			files = (
				5957827F1E50E08B002C9332 /* ViewController.swift in Sources */,
				5910EA281E50FAEC007E568C /* GuitarViewController.swift in Sources */,
				5910EA2A1E50FF38007E568C /* PianoViewController.swift in Sources */,
				5957827D1E50E08B002C9332 /* AppDelegate.swift in Sources */,
			);
			runOnlyForDeploymentPostprocessing = 0;
		};
/* End PBXSourcesBuildPhase section */

/* Begin PBXVariantGroup section */
		595782801E50E08B002C9332 /* Main.storyboard */ = {
			isa = PBXVariantGroup;
			children = (
				595782811E50E08B002C9332 /* Base */,
			);
			name = Main.storyboard;
			sourceTree = "<group>";
		};
		595782851E50E08B002C9332 /* LaunchScreen.storyboard */ = {
			isa = PBXVariantGroup;
			children = (
				595782861E50E08B002C9332 /* Base */,
			);
			name = LaunchScreen.storyboard;
			sourceTree = "<group>";
		};
/* End PBXVariantGroup section */

/* Begin XCBuildConfiguration section */
		595782891E50E08B002C9332 /* Debug */ = {
			isa = XCBuildConfiguration;
			buildSettings = {
				ALWAYS_SEARCH_USER_PATHS = NO;
				CLANG_ANALYZER_NONNULL = YES;
				CLANG_CXX_LANGUAGE_STANDARD = "gnu++0x";
				CLANG_CXX_LIBRARY = "libc++";
				CLANG_ENABLE_MODULES = YES;
				CLANG_ENABLE_OBJC_ARC = YES;
				CLANG_WARN_BOOL_CONVERSION = YES;
				CLANG_WARN_CONSTANT_CONVERSION = YES;
				CLANG_WARN_DIRECT_OBJC_ISA_USAGE = YES_ERROR;
				CLANG_WARN_DOCUMENTATION_COMMENTS = YES;
				CLANG_WARN_EMPTY_BODY = YES;
				CLANG_WARN_ENUM_CONVERSION = YES;
				CLANG_WARN_INFINITE_RECURSION = YES;
				CLANG_WARN_INT_CONVERSION = YES;
				CLANG_WARN_OBJC_ROOT_CLASS = YES_ERROR;
				CLANG_WARN_SUSPICIOUS_MOVE = YES;
				CLANG_WARN_UNREACHABLE_CODE = YES;
				CLANG_WARN__DUPLICATE_METHOD_MATCH = YES;
				"CODE_SIGN_IDENTITY[sdk=iphoneos*]" = "iPhone Developer";
				COPY_PHASE_STRIP = NO;
				DEBUG_INFORMATION_FORMAT = dwarf;
				ENABLE_STRICT_OBJC_MSGSEND = YES;
				ENABLE_TESTABILITY = YES;
				GCC_C_LANGUAGE_STANDARD = gnu99;
				GCC_DYNAMIC_NO_PIC = NO;
				GCC_NO_COMMON_BLOCKS = YES;
				GCC_OPTIMIZATION_LEVEL = 0;
				GCC_PREPROCESSOR_DEFINITIONS = (
					"DEBUG=1",
					"$(inherited)",
				);
				GCC_WARN_64_TO_32_BIT_CONVERSION = YES;
				GCC_WARN_ABOUT_RETURN_TYPE = YES_ERROR;
				GCC_WARN_UNDECLARED_SELECTOR = YES;
				GCC_WARN_UNINITIALIZED_AUTOS = YES_AGGRESSIVE;
				GCC_WARN_UNUSED_FUNCTION = YES;
				GCC_WARN_UNUSED_VARIABLE = YES;
				IPHONEOS_DEPLOYMENT_TARGET = 10.2;
				MTL_ENABLE_DEBUG_INFO = YES;
				ONLY_ACTIVE_ARCH = YES;
				SDKROOT = iphoneos;
				SWIFT_ACTIVE_COMPILATION_CONDITIONS = DEBUG;
				SWIFT_OPTIMIZATION_LEVEL = "-Onone";
			};
			name = Debug;
		};
		5957828A1E50E08B002C9332 /* Release */ = {
			isa = XCBuildConfiguration;
			buildSettings = {
				ALWAYS_SEARCH_USER_PATHS = NO;
				CLANG_ANALYZER_NONNULL = YES;
				CLANG_CXX_LANGUAGE_STANDARD = "gnu++0x";
				CLANG_CXX_LIBRARY = "libc++";
				CLANG_ENABLE_MODULES = YES;
				CLANG_ENABLE_OBJC_ARC = YES;
				CLANG_WARN_BOOL_CONVERSION = YES;
				CLANG_WARN_CONSTANT_CONVERSION = YES;
				CLANG_WARN_DIRECT_OBJC_ISA_USAGE = YES_ERROR;
				CLANG_WARN_DOCUMENTATION_COMMENTS = YES;
				CLANG_WARN_EMPTY_BODY = YES;
				CLANG_WARN_ENUM_CONVERSION = YES;
				CLANG_WARN_INFINITE_RECURSION = YES;
				CLANG_WARN_INT_CONVERSION = YES;
				CLANG_WARN_OBJC_ROOT_CLASS = YES_ERROR;
				CLANG_WARN_SUSPICIOUS_MOVE = YES;
				CLANG_WARN_UNREACHABLE_CODE = YES;
				CLANG_WARN__DUPLICATE_METHOD_MATCH = YES;
				"CODE_SIGN_IDENTITY[sdk=iphoneos*]" = "iPhone Developer";
				COPY_PHASE_STRIP = NO;
				DEBUG_INFORMATION_FORMAT = "dwarf-with-dsym";
				ENABLE_NS_ASSERTIONS = NO;
				ENABLE_STRICT_OBJC_MSGSEND = YES;
				GCC_C_LANGUAGE_STANDARD = gnu99;
				GCC_NO_COMMON_BLOCKS = YES;
				GCC_WARN_64_TO_32_BIT_CONVERSION = YES;
				GCC_WARN_ABOUT_RETURN_TYPE = YES_ERROR;
				GCC_WARN_UNDECLARED_SELECTOR = YES;
				GCC_WARN_UNINITIALIZED_AUTOS = YES_AGGRESSIVE;
				GCC_WARN_UNUSED_FUNCTION = YES;
				GCC_WARN_UNUSED_VARIABLE = YES;
				IPHONEOS_DEPLOYMENT_TARGET = 10.2;
				MTL_ENABLE_DEBUG_INFO = NO;
				SDKROOT = iphoneos;
				SWIFT_OPTIMIZATION_LEVEL = "-Owholemodule";
				VALIDATE_PRODUCT = YES;
			};
			name = Release;
		};
		5957828C1E50E08B002C9332 /* Debug */ = {
			isa = XCBuildConfiguration;
			buildSettings = {
				ASSETCATALOG_COMPILER_APPICON_NAME = AppIcon;
				DEVELOPMENT_TEAM = QF5L9JVR92;
				INFOPLIST_FILE = Chords/Info.plist;
				IPHONEOS_DEPLOYMENT_TARGET = 9.3;
				LD_RUNPATH_SEARCH_PATHS = "$(inherited) @executable_path/Frameworks";
				PRODUCT_BUNDLE_IDENTIFIER = com.daviddetena.Chords;
				PRODUCT_NAME = "$(TARGET_NAME)";
				SWIFT_VERSION = 3.0;
			};
			name = Debug;
		};
		5957828D1E50E08B002C9332 /* Release */ = {
			isa = XCBuildConfiguration;
			buildSettings = {
				ASSETCATALOG_COMPILER_APPICON_NAME = AppIcon;
				DEVELOPMENT_TEAM = QF5L9JVR92;
				INFOPLIST_FILE = Chords/Info.plist;
				IPHONEOS_DEPLOYMENT_TARGET = 9.3;
				LD_RUNPATH_SEARCH_PATHS = "$(inherited) @executable_path/Frameworks";
				PRODUCT_BUNDLE_IDENTIFIER = com.daviddetena.Chords;
				PRODUCT_NAME = "$(TARGET_NAME)";
				SWIFT_VERSION = 3.0;
			};
			name = Release;
		};
/* End XCBuildConfiguration section */

/* Begin XCConfigurationList section */
		595782741E50E08B002C9332 /* Build configuration list for PBXProject "Chords" */ = {
			isa = XCConfigurationList;
			buildConfigurations = (
				595782891E50E08B002C9332 /* Debug */,
				5957828A1E50E08B002C9332 /* Release */,
			);
			defaultConfigurationIsVisible = 0;
			defaultConfigurationName = Release;
		};
		5957828B1E50E08B002C9332 /* Build configuration list for PBXNativeTarget "Chords" */ = {
			isa = XCConfigurationList;
			buildConfigurations = (
				5957828C1E50E08B002C9332 /* Debug */,
				5957828D1E50E08B002C9332 /* Release */,
			);
			defaultConfigurationIsVisible = 0;
			defaultConfigurationName = Release;
		};
/* End XCConfigurationList section */
	};
	rootObject = 595782711E50E08B002C9332 /* Project object */;
}
